
Microsoft Visual Studio Solution File, Format Version 12.00
# Visual Studio Version 16
VisualStudioVersion = 16.0.30611.23
MinimumVisualStudioVersion = 10.0.40219.1
Project("{9A19103F-16F7-4668-BE54-9A1E7A4F7556}") = "Entities", "Entities\Entities.csproj", "{B40DBDB1-37EC-47D0-9317-53204C596B78}"
EndProject
Project("{9A19103F-16F7-4668-BE54-9A1E7A4F7556}") = "DataAccess", "Access\DataAccess.csproj", "{9A36E059-DEFE-40A6-A10F-CB546A7803AE}"
EndProject
Project("{9A19103F-16F7-4668-BE54-9A1E7A4F7556}") = "Business", "Business\Business.csproj", "{30A12F3C-5F05-4158-B276-213A752DA427}"
EndProject
Project("{9A19103F-16F7-4668-BE54-9A1E7A4F7556}") = "Common", "Common\Common.csproj", "{6AA02EC1-90AD-42A2-9ECA-FAA45752FA2E}"
EndProject
Project("{FAE04EC0-301F-11D3-BF4B-00C04F79EFBC}") = "WebAPI", "WebAPI\WebAPI.csproj", "{8B6F7BE2-067F-45FE-BDD9-D25E8E574468}"
EndProject
Project("{FAE04EC0-301F-11D3-BF4B-00C04F79EFBC}") = "WebAPI.Test", "WebAPI.Test\WebAPI.Test.csproj", "{D0218711-BB98-4D0C-8812-3F5B55E8A665}"
EndProject
Global
	GlobalSection(SolutionConfigurationPlatforms) = preSolution
		Debug|Any CPU = Debug|Any CPU
		Release|Any CPU = Release|Any CPU
	EndGlobalSection
	GlobalSection(ProjectConfigurationPlatforms) = postSolution
		{B40DBDB1-37EC-47D0-9317-53204C596B78}.Debug|Any CPU.ActiveCfg = Debug|Any CPU
		{B40DBDB1-37EC-47D0-9317-53204C596B78}.Debug|Any CPU.Build.0 = Debug|Any CPU
		{B40DBDB1-37EC-47D0-9317-53204C596B78}.Release|Any CPU.ActiveCfg = Release|Any CPU
		{B40DBDB1-37EC-47D0-9317-53204C596B78}.Release|Any CPU.Build.0 = Release|Any CPU
		{9A36E059-DEFE-40A6-A10F-CB546A7803AE}.Debug|Any CPU.ActiveCfg = Debug|Any CPU
		{9A36E059-DEFE-40A6-A10F-CB546A7803AE}.Debug|Any CPU.Build.0 = Debug|Any CPU
		{9A36E059-DEFE-40A6-A10F-CB546A7803AE}.Release|Any CPU.ActiveCfg = Release|Any CPU
		{9A36E059-DEFE-40A6-A10F-CB546A7803AE}.Release|Any CPU.Build.0 = Release|Any CPU
		{30A12F3C-5F05-4158-B276-213A752DA427}.Debug|Any CPU.ActiveCfg = Debug|Any CPU
		{30A12F3C-5F05-4158-B276-213A752DA427}.Debug|Any CPU.Build.0 = Debug|Any CPU
		{30A12F3C-5F05-4158-B276-213A752DA427}.Release|Any CPU.ActiveCfg = Release|Any CPU
		{30A12F3C-5F05-4158-B276-213A752DA427}.Release|Any CPU.Build.0 = Release|Any CPU
		{6AA02EC1-90AD-42A2-9ECA-FAA45752FA2E}.Debug|Any CPU.ActiveCfg = Debug|Any CPU
		{6AA02EC1-90AD-42A2-9ECA-FAA45752FA2E}.Debug|Any CPU.Build.0 = Debug|Any CPU
		{6AA02EC1-90AD-42A2-9ECA-FAA45752FA2E}.Release|Any CPU.ActiveCfg = Release|Any CPU
		{6AA02EC1-90AD-42A2-9ECA-FAA45752FA2E}.Release|Any CPU.Build.0 = Release|Any CPU
		{8B6F7BE2-067F-45FE-BDD9-D25E8E574468}.Debug|Any CPU.ActiveCfg = Debug|Any CPU
		{8B6F7BE2-067F-45FE-BDD9-D25E8E574468}.Debug|Any CPU.Build.0 = Debug|Any CPU
		{8B6F7BE2-067F-45FE-BDD9-D25E8E574468}.Release|Any CPU.ActiveCfg = Release|Any CPU
		{8B6F7BE2-067F-45FE-BDD9-D25E8E574468}.Release|Any CPU.Build.0 = Release|Any CPU
		{D0218711-BB98-4D0C-8812-3F5B55E8A665}.Debug|Any CPU.ActiveCfg = Debug|Any CPU
		{D0218711-BB98-4D0C-8812-3F5B55E8A665}.Debug|Any CPU.Build.0 = Debug|Any CPU
		{D0218711-BB98-4D0C-8812-3F5B55E8A665}.Release|Any CPU.ActiveCfg = Release|Any CPU
		{D0218711-BB98-4D0C-8812-3F5B55E8A665}.Release|Any CPU.Build.0 = Release|Any CPU
	EndGlobalSection
	GlobalSection(SolutionProperties) = preSolution
		HideSolutionNode = FALSE
	EndGlobalSection
	GlobalSection(ExtensibilityGlobals) = postSolution
		SolutionGuid = {BF484E80-D982-4D4A-B45A-9840A3CDD453}
	EndGlobalSection
EndGlobal
